
Microsoft Visual Studio Solution File, Format Version 12.00
# Visual Studio Version 17
VisualStudioVersion = 17.7.34009.444
MinimumVisualStudioVersion = 10.0.40219.1
Project("{9A19103F-16F7-4668-BE54-9A1E7A4F7556}") = "Test2", "Test2\Test2.csproj", "{2116CF7E-0B14-4C18-8D82-526DE80E065C}"
EndProject
Project("{9A19103F-16F7-4668-BE54-9A1E7A4F7556}") = "CondinalIfs", "CondinalIfs\CondinalIfs.csproj", "{A49DF9AC-C944-4FDF-9C7C-720D11E237E5}"
EndProject
Project("{9A19103F-16F7-4668-BE54-9A1E7A4F7556}") = "SwitchTopic", "SwitchTopic\SwitchTopic.csproj", "{1846C0A9-1A6A-4628-95B2-5622A51F6ACF}"
EndProject
Project("{9A19103F-16F7-4668-BE54-9A1E7A4F7556}") = "StringManipulation", "StringManipulation\StringManipulation.csproj", "{04317615-572B-4477-B3DB-AC872EFFB345}"
EndProject
Project("{9A19103F-16F7-4668-BE54-9A1E7A4F7556}") = "LoopsWhile", "LoopsWhile\LoopsWhile.csproj", "{7AD00BF7-0213-4258-B14A-17B8ACE67A75}"
EndProject
Project("{9A19103F-16F7-4668-BE54-9A1E7A4F7556}") = "Methods", "Methods\Methods.csproj", "{F9CB799F-D53B-49D0-B9A5-CCA6DF804364}"
EndProject
Project("{9A19103F-16F7-4668-BE54-9A1E7A4F7556}") = "RefOut", "RefOut\RefOut.csproj", "{7B64DEAC-B35D-414F-BE8C-1F72A36888C5}"
EndProject
Project("{9A19103F-16F7-4668-BE54-9A1E7A4F7556}") = "ForLoop", "ForLoop\ForLoop.csproj", "{C08B42FF-6E18-4789-B377-50F50033657E}"
EndProject
Project("{9A19103F-16F7-4668-BE54-9A1E7A4F7556}") = "Debug", "Debug\Debug.csproj", "{23981856-BD26-401B-9BCE-3A15D236FAAF}"
EndProject
Project("{9A19103F-16F7-4668-BE54-9A1E7A4F7556}") = "Arrays", "Arrays\Arrays.csproj", "{F378A578-CC13-40D6-B17D-14EAF8C03491}"
EndProject
Project("{9A19103F-16F7-4668-BE54-9A1E7A4F7556}") = "StudentsRandom", "StudentsRandom\StudentsRandom.csproj", "{28FB5544-8963-474C-9BD2-0512B1B5F8BF}"
EndProject
Project("{9A19103F-16F7-4668-BE54-9A1E7A4F7556}") = "Lists", "Lists\Lists.csproj", "{4CFDDBCF-86D4-4238-B363-1275BFC82BC9}"
EndProject
Project("{9A19103F-16F7-4668-BE54-9A1E7A4F7556}") = "Google", "Google\Google.csproj", "{9DB2C3F5-E073-40BE-B1A3-B9A89E817D73}"
EndProject
Project("{9A19103F-16F7-4668-BE54-9A1E7A4F7556}") = "DictionaryTopic", "DictionaryTopic\DictionaryTopic.csproj", "{6DC94C12-9390-44EE-B1E3-6BA8963AFA9C}"
EndProject
Project("{9A19103F-16F7-4668-BE54-9A1E7A4F7556}") = "ObjectsTopic", "ObjectsTopic\ObjectsTopic.csproj", "{9DB03E82-FFDB-4D91-A1D4-626470360AA5}"
	ProjectSection(ProjectDependencies) = postProject
		{F9CB799F-D53B-49D0-B9A5-CCA6DF804364} = {F9CB799F-D53B-49D0-B9A5-CCA6DF804364}
	EndProjectSection
EndProject
Project("{2150E333-8FDC-42A3-9474-1A3956D46DE8}") = "Level1", "Level1", "{961F05F9-8999-4A49-B943-1FA6BBAB5289}"
EndProject
Project("{2150E333-8FDC-42A3-9474-1A3956D46DE8}") = "Level 2", "Level 2", "{145D9214-2489-41A1-8A1E-00D3D0D0E668}"
EndProject
Project("{9A19103F-16F7-4668-BE54-9A1E7A4F7556}") = "MethodsInClass", "MethodsInClass\MethodsInClass.csproj", "{BE119CFF-6CE8-4CCD-9120-5275B8815CBB}"
EndProject
Project("{9A19103F-16F7-4668-BE54-9A1E7A4F7556}") = "InheritanceAndVirtual", "InheritanceAndVirtual\InheritanceAndVirtual.csproj", "{1A2C3609-33BE-4CC1-AE4C-3C77A15E26FC}"
EndProject
Project("{9A19103F-16F7-4668-BE54-9A1E7A4F7556}") = "AbstractionsTopic", "AbstractionsTopic\AbstractionsTopic.csproj", "{64AE7639-F15B-415A-915D-641AA416E549}"
EndProject
Project("{9A19103F-16F7-4668-BE54-9A1E7A4F7556}") = "AccesabilityModifiers", "AccesabilityModifiers\AccesabilityModifiers.csproj", "{80C213D8-1955-4EAD-8A21-413E6F51CB9D}"
EndProject
Project("{9A19103F-16F7-4668-BE54-9A1E7A4F7556}") = "Streams", "Streams\Streams.csproj", "{7320BA03-3C60-41AB-AA4E-CDDA740CF5AD}"
EndProject
Project("{9A19103F-16F7-4668-BE54-9A1E7A4F7556}") = "Generics", "Generics\Generics.csproj", "{75072B4D-F064-4F9A-A2EE-DA8D1AE98A63}"
EndProject
Project("{9A19103F-16F7-4668-BE54-9A1E7A4F7556}") = "ExceptionHandling", "ExceptionHandling\ExceptionHandling.csproj", "{FFF8D4F1-E663-4F9B-AF30-C65EC68DC18C}"
EndProject
Project("{9A19103F-16F7-4668-BE54-9A1E7A4F7556}") = "ExtentionMethods", "ExtentionMethods\ExtentionMethods.csproj", "{F61E7856-ACAA-46EB-915C-811CB1EE981D}"
EndProject
Project("{9A19103F-16F7-4668-BE54-9A1E7A4F7556}") = "Delegates", "Delegates\Delegates.csproj", "{BEF7C874-B1ED-4C2D-9AA8-E0D89419C518}"
EndProject
Project("{9A19103F-16F7-4668-BE54-9A1E7A4F7556}") = "LambdaAndLinq", "LambdaAndLinq\LambdaAndLinq.csproj", "{EB8BF6A6-560F-4DAF-96A9-5BBD752379F1}"
EndProject
Project("{9A19103F-16F7-4668-BE54-9A1E7A4F7556}") = "InterfacesTopic", "InterfacesTopic\InterfacesTopic.csproj", "{60C04DD8-BB54-4807-B618-04955F672811}"
EndProject
Project("{9A19103F-16F7-4668-BE54-9A1E7A4F7556}") = "EnumTopic", "EnumTopic\EnumTopic.csproj", "{8C05E3DE-29DE-4087-B293-798D4815D79D}"
EndProject
Project("{9A19103F-16F7-4668-BE54-9A1E7A4F7556}") = "Asynchronous", "Asynchronous\Asynchronous.csproj", "{81BC5898-CD3A-4887-BAEE-1E7FF6948FCC}"
EndProject
Project("{9A19103F-16F7-4668-BE54-9A1E7A4F7556}") = "N-Tier", "N-Tier\N-Tier.csproj", "{84EDB282-C291-42BE-9DE4-1D1A6F9B686E}"
EndProject
Project("{2150E333-8FDC-42A3-9474-1A3956D46DE8}") = "DB", "DB", "{4E47592A-BC50-4B45-8349-D79E1167E997}"
EndProject
Project("{9A19103F-16F7-4668-BE54-9A1E7A4F7556}") = "EntityFrameworkProject", "EntityFrameworkProject\EntityFrameworkProject.csproj", "{BC9D2766-EFAA-42AB-A05A-878CB698AD73}"
EndProject
Project("{9A19103F-16F7-4668-BE54-9A1E7A4F7556}") = "MongoDbtest", "MongoDbtest\MongoDbtest.csproj", "{60D94D23-F7D3-458D-B1D8-A863B4126E46}"
EndProject
Project("{FAE04EC0-301F-11D3-BF4B-00C04F79EFBC}") = "ManyToMany", "ManyToMany\ManyToMany.csproj", "{8107F2DD-E613-4656-9DAF-72AAE6A38A4B}"
EndProject
Global
	GlobalSection(SolutionConfigurationPlatforms) = preSolution
		Debug|Any CPU = Debug|Any CPU
		Release|Any CPU = Release|Any CPU
	EndGlobalSection
	GlobalSection(ProjectConfigurationPlatforms) = postSolution
		{2116CF7E-0B14-4C18-8D82-526DE80E065C}.Debug|Any CPU.ActiveCfg = Debug|Any CPU
		{2116CF7E-0B14-4C18-8D82-526DE80E065C}.Debug|Any CPU.Build.0 = Debug|Any CPU
		{2116CF7E-0B14-4C18-8D82-526DE80E065C}.Release|Any CPU.ActiveCfg = Release|Any CPU
		{2116CF7E-0B14-4C18-8D82-526DE80E065C}.Release|Any CPU.Build.0 = Release|Any CPU
		{A49DF9AC-C944-4FDF-9C7C-720D11E237E5}.Debug|Any CPU.ActiveCfg = Debug|Any CPU
		{A49DF9AC-C944-4FDF-9C7C-720D11E237E5}.Debug|Any CPU.Build.0 = Debug|Any CPU
		{A49DF9AC-C944-4FDF-9C7C-720D11E237E5}.Release|Any CPU.ActiveCfg = Release|Any CPU
		{A49DF9AC-C944-4FDF-9C7C-720D11E237E5}.Release|Any CPU.Build.0 = Release|Any CPU
		{1846C0A9-1A6A-4628-95B2-5622A51F6ACF}.Debug|Any CPU.ActiveCfg = Debug|Any CPU
		{1846C0A9-1A6A-4628-95B2-5622A51F6ACF}.Debug|Any CPU.Build.0 = Debug|Any CPU
		{1846C0A9-1A6A-4628-95B2-5622A51F6ACF}.Release|Any CPU.ActiveCfg = Release|Any CPU
		{1846C0A9-1A6A-4628-95B2-5622A51F6ACF}.Release|Any CPU.Build.0 = Release|Any CPU
		{04317615-572B-4477-B3DB-AC872EFFB345}.Debug|Any CPU.ActiveCfg = Debug|Any CPU
		{04317615-572B-4477-B3DB-AC872EFFB345}.Debug|Any CPU.Build.0 = Debug|Any CPU
		{04317615-572B-4477-B3DB-AC872EFFB345}.Release|Any CPU.ActiveCfg = Release|Any CPU
		{04317615-572B-4477-B3DB-AC872EFFB345}.Release|Any CPU.Build.0 = Release|Any CPU
		{7AD00BF7-0213-4258-B14A-17B8ACE67A75}.Debug|Any CPU.ActiveCfg = Debug|Any CPU
		{7AD00BF7-0213-4258-B14A-17B8ACE67A75}.Debug|Any CPU.Build.0 = Debug|Any CPU
		{7AD00BF7-0213-4258-B14A-17B8ACE67A75}.Release|Any CPU.ActiveCfg = Release|Any CPU
		{7AD00BF7-0213-4258-B14A-17B8ACE67A75}.Release|Any CPU.Build.0 = Release|Any CPU
		{F9CB799F-D53B-49D0-B9A5-CCA6DF804364}.Debug|Any CPU.ActiveCfg = Debug|Any CPU
		{F9CB799F-D53B-49D0-B9A5-CCA6DF804364}.Debug|Any CPU.Build.0 = Debug|Any CPU
		{F9CB799F-D53B-49D0-B9A5-CCA6DF804364}.Release|Any CPU.ActiveCfg = Release|Any CPU
		{F9CB799F-D53B-49D0-B9A5-CCA6DF804364}.Release|Any CPU.Build.0 = Release|Any CPU
		{7B64DEAC-B35D-414F-BE8C-1F72A36888C5}.Debug|Any CPU.ActiveCfg = Debug|Any CPU
		{7B64DEAC-B35D-414F-BE8C-1F72A36888C5}.Debug|Any CPU.Build.0 = Debug|Any CPU
		{7B64DEAC-B35D-414F-BE8C-1F72A36888C5}.Release|Any CPU.ActiveCfg = Release|Any CPU
		{7B64DEAC-B35D-414F-BE8C-1F72A36888C5}.Release|Any CPU.Build.0 = Release|Any CPU
		{C08B42FF-6E18-4789-B377-50F50033657E}.Debug|Any CPU.ActiveCfg = Debug|Any CPU
		{C08B42FF-6E18-4789-B377-50F50033657E}.Debug|Any CPU.Build.0 = Debug|Any CPU
		{C08B42FF-6E18-4789-B377-50F50033657E}.Release|Any CPU.ActiveCfg = Release|Any CPU
		{C08B42FF-6E18-4789-B377-50F50033657E}.Release|Any CPU.Build.0 = Release|Any CPU
		{23981856-BD26-401B-9BCE-3A15D236FAAF}.Debug|Any CPU.ActiveCfg = Debug|Any CPU
		{23981856-BD26-401B-9BCE-3A15D236FAAF}.Debug|Any CPU.Build.0 = Debug|Any CPU
		{23981856-BD26-401B-9BCE-3A15D236FAAF}.Release|Any CPU.ActiveCfg = Release|Any CPU
		{23981856-BD26-401B-9BCE-3A15D236FAAF}.Release|Any CPU.Build.0 = Release|Any CPU
		{F378A578-CC13-40D6-B17D-14EAF8C03491}.Debug|Any CPU.ActiveCfg = Debug|Any CPU
		{F378A578-CC13-40D6-B17D-14EAF8C03491}.Debug|Any CPU.Build.0 = Debug|Any CPU
		{F378A578-CC13-40D6-B17D-14EAF8C03491}.Release|Any CPU.ActiveCfg = Release|Any CPU
		{F378A578-CC13-40D6-B17D-14EAF8C03491}.Release|Any CPU.Build.0 = Release|Any CPU
		{28FB5544-8963-474C-9BD2-0512B1B5F8BF}.Debug|Any CPU.ActiveCfg = Debug|Any CPU
		{28FB5544-8963-474C-9BD2-0512B1B5F8BF}.Debug|Any CPU.Build.0 = Debug|Any CPU
		{28FB5544-8963-474C-9BD2-0512B1B5F8BF}.Release|Any CPU.ActiveCfg = Release|Any CPU
		{28FB5544-8963-474C-9BD2-0512B1B5F8BF}.Release|Any CPU.Build.0 = Release|Any CPU
		{4CFDDBCF-86D4-4238-B363-1275BFC82BC9}.Debug|Any CPU.ActiveCfg = Debug|Any CPU
		{4CFDDBCF-86D4-4238-B363-1275BFC82BC9}.Debug|Any CPU.Build.0 = Debug|Any CPU
		{4CFDDBCF-86D4-4238-B363-1275BFC82BC9}.Release|Any CPU.ActiveCfg = Release|Any CPU
		{4CFDDBCF-86D4-4238-B363-1275BFC82BC9}.Release|Any CPU.Build.0 = Release|Any CPU
		{9DB2C3F5-E073-40BE-B1A3-B9A89E817D73}.Debug|Any CPU.ActiveCfg = Debug|Any CPU
		{9DB2C3F5-E073-40BE-B1A3-B9A89E817D73}.Debug|Any CPU.Build.0 = Debug|Any CPU
		{9DB2C3F5-E073-40BE-B1A3-B9A89E817D73}.Release|Any CPU.ActiveCfg = Release|Any CPU
		{9DB2C3F5-E073-40BE-B1A3-B9A89E817D73}.Release|Any CPU.Build.0 = Release|Any CPU
		{6DC94C12-9390-44EE-B1E3-6BA8963AFA9C}.Debug|Any CPU.ActiveCfg = Debug|Any CPU
		{6DC94C12-9390-44EE-B1E3-6BA8963AFA9C}.Debug|Any CPU.Build.0 = Debug|Any CPU
		{6DC94C12-9390-44EE-B1E3-6BA8963AFA9C}.Release|Any CPU.ActiveCfg = Release|Any CPU
		{6DC94C12-9390-44EE-B1E3-6BA8963AFA9C}.Release|Any CPU.Build.0 = Release|Any CPU
		{9DB03E82-FFDB-4D91-A1D4-626470360AA5}.Debug|Any CPU.ActiveCfg = Debug|Any CPU
		{9DB03E82-FFDB-4D91-A1D4-626470360AA5}.Debug|Any CPU.Build.0 = Debug|Any CPU
		{9DB03E82-FFDB-4D91-A1D4-626470360AA5}.Release|Any CPU.ActiveCfg = Release|Any CPU
		{9DB03E82-FFDB-4D91-A1D4-626470360AA5}.Release|Any CPU.Build.0 = Release|Any CPU
		{BE119CFF-6CE8-4CCD-9120-5275B8815CBB}.Debug|Any CPU.ActiveCfg = Debug|Any CPU
		{BE119CFF-6CE8-4CCD-9120-5275B8815CBB}.Debug|Any CPU.Build.0 = Debug|Any CPU
		{BE119CFF-6CE8-4CCD-9120-5275B8815CBB}.Release|Any CPU.ActiveCfg = Release|Any CPU
		{BE119CFF-6CE8-4CCD-9120-5275B8815CBB}.Release|Any CPU.Build.0 = Release|Any CPU
		{1A2C3609-33BE-4CC1-AE4C-3C77A15E26FC}.Debug|Any CPU.ActiveCfg = Debug|Any CPU
		{1A2C3609-33BE-4CC1-AE4C-3C77A15E26FC}.Debug|Any CPU.Build.0 = Debug|Any CPU
		{1A2C3609-33BE-4CC1-AE4C-3C77A15E26FC}.Release|Any CPU.ActiveCfg = Release|Any CPU
		{1A2C3609-33BE-4CC1-AE4C-3C77A15E26FC}.Release|Any CPU.Build.0 = Release|Any CPU
		{64AE7639-F15B-415A-915D-641AA416E549}.Debug|Any CPU.ActiveCfg = Debug|Any CPU
		{64AE7639-F15B-415A-915D-641AA416E549}.Debug|Any CPU.Build.0 = Debug|Any CPU
		{64AE7639-F15B-415A-915D-641AA416E549}.Release|Any CPU.ActiveCfg = Release|Any CPU
		{64AE7639-F15B-415A-915D-641AA416E549}.Release|Any CPU.Build.0 = Release|Any CPU
		{80C213D8-1955-4EAD-8A21-413E6F51CB9D}.Debug|Any CPU.ActiveCfg = Debug|Any CPU
		{80C213D8-1955-4EAD-8A21-413E6F51CB9D}.Debug|Any CPU.Build.0 = Debug|Any CPU
		{80C213D8-1955-4EAD-8A21-413E6F51CB9D}.Release|Any CPU.ActiveCfg = Release|Any CPU
		{80C213D8-1955-4EAD-8A21-413E6F51CB9D}.Release|Any CPU.Build.0 = Release|Any CPU
		{7320BA03-3C60-41AB-AA4E-CDDA740CF5AD}.Debug|Any CPU.ActiveCfg = Debug|Any CPU
		{7320BA03-3C60-41AB-AA4E-CDDA740CF5AD}.Debug|Any CPU.Build.0 = Debug|Any CPU
		{7320BA03-3C60-41AB-AA4E-CDDA740CF5AD}.Release|Any CPU.ActiveCfg = Release|Any CPU
		{7320BA03-3C60-41AB-AA4E-CDDA740CF5AD}.Release|Any CPU.Build.0 = Release|Any CPU
		{75072B4D-F064-4F9A-A2EE-DA8D1AE98A63}.Debug|Any CPU.ActiveCfg = Debug|Any CPU
		{75072B4D-F064-4F9A-A2EE-DA8D1AE98A63}.Debug|Any CPU.Build.0 = Debug|Any CPU
		{75072B4D-F064-4F9A-A2EE-DA8D1AE98A63}.Release|Any CPU.ActiveCfg = Release|Any CPU
		{75072B4D-F064-4F9A-A2EE-DA8D1AE98A63}.Release|Any CPU.Build.0 = Release|Any CPU
		{FFF8D4F1-E663-4F9B-AF30-C65EC68DC18C}.Debug|Any CPU.ActiveCfg = Debug|Any CPU
		{FFF8D4F1-E663-4F9B-AF30-C65EC68DC18C}.Debug|Any CPU.Build.0 = Debug|Any CPU
		{FFF8D4F1-E663-4F9B-AF30-C65EC68DC18C}.Release|Any CPU.ActiveCfg = Release|Any CPU
		{FFF8D4F1-E663-4F9B-AF30-C65EC68DC18C}.Release|Any CPU.Build.0 = Release|Any CPU
		{F61E7856-ACAA-46EB-915C-811CB1EE981D}.Debug|Any CPU.ActiveCfg = Debug|Any CPU
		{F61E7856-ACAA-46EB-915C-811CB1EE981D}.Debug|Any CPU.Build.0 = Debug|Any CPU
		{F61E7856-ACAA-46EB-915C-811CB1EE981D}.Release|Any CPU.ActiveCfg = Release|Any CPU
		{F61E7856-ACAA-46EB-915C-811CB1EE981D}.Release|Any CPU.Build.0 = Release|Any CPU
		{BEF7C874-B1ED-4C2D-9AA8-E0D89419C518}.Debug|Any CPU.ActiveCfg = Debug|Any CPU
		{BEF7C874-B1ED-4C2D-9AA8-E0D89419C518}.Debug|Any CPU.Build.0 = Debug|Any CPU
		{BEF7C874-B1ED-4C2D-9AA8-E0D89419C518}.Release|Any CPU.ActiveCfg = Release|Any CPU
		{BEF7C874-B1ED-4C2D-9AA8-E0D89419C518}.Release|Any CPU.Build.0 = Release|Any CPU
		{EB8BF6A6-560F-4DAF-96A9-5BBD752379F1}.Debug|Any CPU.ActiveCfg = Debug|Any CPU
		{EB8BF6A6-560F-4DAF-96A9-5BBD752379F1}.Debug|Any CPU.Build.0 = Debug|Any CPU
		{EB8BF6A6-560F-4DAF-96A9-5BBD752379F1}.Release|Any CPU.ActiveCfg = Release|Any CPU
		{EB8BF6A6-560F-4DAF-96A9-5BBD752379F1}.Release|Any CPU.Build.0 = Release|Any CPU
		{60C04DD8-BB54-4807-B618-04955F672811}.Debug|Any CPU.ActiveCfg = Debug|Any CPU
		{60C04DD8-BB54-4807-B618-04955F672811}.Debug|Any CPU.Build.0 = Debug|Any CPU
		{60C04DD8-BB54-4807-B618-04955F672811}.Release|Any CPU.ActiveCfg = Release|Any CPU
		{60C04DD8-BB54-4807-B618-04955F672811}.Release|Any CPU.Build.0 = Release|Any CPU
		{8C05E3DE-29DE-4087-B293-798D4815D79D}.Debug|Any CPU.ActiveCfg = Debug|Any CPU
		{8C05E3DE-29DE-4087-B293-798D4815D79D}.Debug|Any CPU.Build.0 = Debug|Any CPU
		{8C05E3DE-29DE-4087-B293-798D4815D79D}.Release|Any CPU.ActiveCfg = Release|Any CPU
		{8C05E3DE-29DE-4087-B293-798D4815D79D}.Release|Any CPU.Build.0 = Release|Any CPU
		{81BC5898-CD3A-4887-BAEE-1E7FF6948FCC}.Debug|Any CPU.ActiveCfg = Debug|Any CPU
		{81BC5898-CD3A-4887-BAEE-1E7FF6948FCC}.Debug|Any CPU.Build.0 = Debug|Any CPU
		{81BC5898-CD3A-4887-BAEE-1E7FF6948FCC}.Release|Any CPU.ActiveCfg = Release|Any CPU
		{81BC5898-CD3A-4887-BAEE-1E7FF6948FCC}.Release|Any CPU.Build.0 = Release|Any CPU
		{84EDB282-C291-42BE-9DE4-1D1A6F9B686E}.Debug|Any CPU.ActiveCfg = Debug|Any CPU
		{84EDB282-C291-42BE-9DE4-1D1A6F9B686E}.Debug|Any CPU.Build.0 = Debug|Any CPU
		{84EDB282-C291-42BE-9DE4-1D1A6F9B686E}.Release|Any CPU.ActiveCfg = Release|Any CPU
		{84EDB282-C291-42BE-9DE4-1D1A6F9B686E}.Release|Any CPU.Build.0 = Release|Any CPU
		{BC9D2766-EFAA-42AB-A05A-878CB698AD73}.Debug|Any CPU.ActiveCfg = Debug|Any CPU
		{BC9D2766-EFAA-42AB-A05A-878CB698AD73}.Debug|Any CPU.Build.0 = Debug|Any CPU
		{BC9D2766-EFAA-42AB-A05A-878CB698AD73}.Release|Any CPU.ActiveCfg = Release|Any CPU
		{BC9D2766-EFAA-42AB-A05A-878CB698AD73}.Release|Any CPU.Build.0 = Release|Any CPU
		{60D94D23-F7D3-458D-B1D8-A863B4126E46}.Debug|Any CPU.ActiveCfg = Debug|Any CPU
		{60D94D23-F7D3-458D-B1D8-A863B4126E46}.Debug|Any CPU.Build.0 = Debug|Any CPU
		{60D94D23-F7D3-458D-B1D8-A863B4126E46}.Release|Any CPU.ActiveCfg = Release|Any CPU
		{60D94D23-F7D3-458D-B1D8-A863B4126E46}.Release|Any CPU.Build.0 = Release|Any CPU
		{8107F2DD-E613-4656-9DAF-72AAE6A38A4B}.Debug|Any CPU.ActiveCfg = Debug|Any CPU
		{8107F2DD-E613-4656-9DAF-72AAE6A38A4B}.Debug|Any CPU.Build.0 = Debug|Any CPU
		{8107F2DD-E613-4656-9DAF-72AAE6A38A4B}.Release|Any CPU.ActiveCfg = Release|Any CPU
		{8107F2DD-E613-4656-9DAF-72AAE6A38A4B}.Release|Any CPU.Build.0 = Release|Any CPU
	EndGlobalSection
	GlobalSection(SolutionProperties) = preSolution
		HideSolutionNode = FALSE
	EndGlobalSection
	GlobalSection(NestedProjects) = preSolution
		{2116CF7E-0B14-4C18-8D82-526DE80E065C} = {961F05F9-8999-4A49-B943-1FA6BBAB5289}
		{A49DF9AC-C944-4FDF-9C7C-720D11E237E5} = {961F05F9-8999-4A49-B943-1FA6BBAB5289}
		{1846C0A9-1A6A-4628-95B2-5622A51F6ACF} = {961F05F9-8999-4A49-B943-1FA6BBAB5289}
		{04317615-572B-4477-B3DB-AC872EFFB345} = {961F05F9-8999-4A49-B943-1FA6BBAB5289}
		{7AD00BF7-0213-4258-B14A-17B8ACE67A75} = {961F05F9-8999-4A49-B943-1FA6BBAB5289}
		{F9CB799F-D53B-49D0-B9A5-CCA6DF804364} = {961F05F9-8999-4A49-B943-1FA6BBAB5289}
		{7B64DEAC-B35D-414F-BE8C-1F72A36888C5} = {961F05F9-8999-4A49-B943-1FA6BBAB5289}
		{C08B42FF-6E18-4789-B377-50F50033657E} = {961F05F9-8999-4A49-B943-1FA6BBAB5289}
		{23981856-BD26-401B-9BCE-3A15D236FAAF} = {961F05F9-8999-4A49-B943-1FA6BBAB5289}
		{F378A578-CC13-40D6-B17D-14EAF8C03491} = {961F05F9-8999-4A49-B943-1FA6BBAB5289}
		{28FB5544-8963-474C-9BD2-0512B1B5F8BF} = {961F05F9-8999-4A49-B943-1FA6BBAB5289}
		{4CFDDBCF-86D4-4238-B363-1275BFC82BC9} = {961F05F9-8999-4A49-B943-1FA6BBAB5289}
		{9DB2C3F5-E073-40BE-B1A3-B9A89E817D73} = {961F05F9-8999-4A49-B943-1FA6BBAB5289}
		{6DC94C12-9390-44EE-B1E3-6BA8963AFA9C} = {961F05F9-8999-4A49-B943-1FA6BBAB5289}
		{9DB03E82-FFDB-4D91-A1D4-626470360AA5} = {145D9214-2489-41A1-8A1E-00D3D0D0E668}
		{BE119CFF-6CE8-4CCD-9120-5275B8815CBB} = {145D9214-2489-41A1-8A1E-00D3D0D0E668}
		{1A2C3609-33BE-4CC1-AE4C-3C77A15E26FC} = {145D9214-2489-41A1-8A1E-00D3D0D0E668}
		{64AE7639-F15B-415A-915D-641AA416E549} = {145D9214-2489-41A1-8A1E-00D3D0D0E668}
		{80C213D8-1955-4EAD-8A21-413E6F51CB9D} = {145D9214-2489-41A1-8A1E-00D3D0D0E668}
		{7320BA03-3C60-41AB-AA4E-CDDA740CF5AD} = {145D9214-2489-41A1-8A1E-00D3D0D0E668}
		{75072B4D-F064-4F9A-A2EE-DA8D1AE98A63} = {145D9214-2489-41A1-8A1E-00D3D0D0E668}
		{FFF8D4F1-E663-4F9B-AF30-C65EC68DC18C} = {145D9214-2489-41A1-8A1E-00D3D0D0E668}
		{F61E7856-ACAA-46EB-915C-811CB1EE981D} = {145D9214-2489-41A1-8A1E-00D3D0D0E668}
		{BEF7C874-B1ED-4C2D-9AA8-E0D89419C518} = {145D9214-2489-41A1-8A1E-00D3D0D0E668}
		{EB8BF6A6-560F-4DAF-96A9-5BBD752379F1} = {145D9214-2489-41A1-8A1E-00D3D0D0E668}
		{60C04DD8-BB54-4807-B618-04955F672811} = {145D9214-2489-41A1-8A1E-00D3D0D0E668}
		{8C05E3DE-29DE-4087-B293-798D4815D79D} = {145D9214-2489-41A1-8A1E-00D3D0D0E668}
		{81BC5898-CD3A-4887-BAEE-1E7FF6948FCC} = {145D9214-2489-41A1-8A1E-00D3D0D0E668}
		{84EDB282-C291-42BE-9DE4-1D1A6F9B686E} = {145D9214-2489-41A1-8A1E-00D3D0D0E668}
		{BC9D2766-EFAA-42AB-A05A-878CB698AD73} = {4E47592A-BC50-4B45-8349-D79E1167E997}
		{60D94D23-F7D3-458D-B1D8-A863B4126E46} = {4E47592A-BC50-4B45-8349-D79E1167E997}
		{8107F2DD-E613-4656-9DAF-72AAE6A38A4B} = {4E47592A-BC50-4B45-8349-D79E1167E997}
	EndGlobalSection
	GlobalSection(ExtensibilityGlobals) = postSolution
		SolutionGuid = {FE572D26-728E-4B8B-A0A9-6D881BDD5B6F}
	EndGlobalSection
EndGlobal
